
Microsoft Visual Studio Solution File, Format Version 12.00
# Visual Studio 15
VisualStudioVersion = 15.0.27703.2042
MinimumVisualStudioVersion = 10.0.40219.1
Project("{8BC9CEB8-8B4A-11D0-8D11-00A0C91BC942}") = "Util", "Util\Util.vcxproj", "{C40A2F19-1405-40BD-8331-AB785B2CFC1F}"
EndProject
Project("{8BC9CEB8-8B4A-11D0-8D11-00A0C91BC942}") = "Util_tests", "Util\Util_tests\Util_tests.vcxproj", "{381E4642-C16F-4877-91BA-526D5E898928}"
EndProject
Project("{8BC9CEB8-8B4A-11D0-8D11-00A0C91BC942}") = "Sorts", "Sorts\Sorts.vcxproj", "{527E1712-C002-4549-9083-D51AE9419692}"
EndProject
Project("{8BC9CEB8-8B4A-11D0-8D11-00A0C91BC942}") = "Sorts_tests", "Sorts\Tests\SortsTests.vcxproj", "{6063D72E-EFEA-4705-BCDD-8CB35D193CAA}"
EndProject
Project("{8BC9CEB8-8B4A-11D0-8D11-00A0C91BC942}") = "Divide_and_conquer", "Divide_and_conquer\Divide_and_conquer.vcxproj", "{217FB044-8137-432A-AE5F-E6D23630C491}"
EndProject
Project("{8BC9CEB8-8B4A-11D0-8D11-00A0C91BC942}") = "Divide_and_conquer_tests", "Divide_and_conquer\Tests\Divide_and_conquer_tests.vcxproj", "{18FF9330-AC80-4EEA-8C75-FEEE1A2725CA}"
EndProject
Global
	GlobalSection(SolutionConfigurationPlatforms) = preSolution
		Debug|x64 = Debug|x64
		Debug|x86 = Debug|x86
		Release|x64 = Release|x64
		Release|x86 = Release|x86
	EndGlobalSection
	GlobalSection(ProjectConfigurationPlatforms) = postSolution
		{C40A2F19-1405-40BD-8331-AB785B2CFC1F}.Debug|x64.ActiveCfg = Debug|x64
		{C40A2F19-1405-40BD-8331-AB785B2CFC1F}.Debug|x64.Build.0 = Debug|x64
		{C40A2F19-1405-40BD-8331-AB785B2CFC1F}.Debug|x86.ActiveCfg = Debug|Win32
		{C40A2F19-1405-40BD-8331-AB785B2CFC1F}.Debug|x86.Build.0 = Debug|Win32
		{C40A2F19-1405-40BD-8331-AB785B2CFC1F}.Release|x64.ActiveCfg = Release|x64
		{C40A2F19-1405-40BD-8331-AB785B2CFC1F}.Release|x64.Build.0 = Release|x64
		{C40A2F19-1405-40BD-8331-AB785B2CFC1F}.Release|x86.ActiveCfg = Release|Win32
		{C40A2F19-1405-40BD-8331-AB785B2CFC1F}.Release|x86.Build.0 = Release|Win32
		{381E4642-C16F-4877-91BA-526D5E898928}.Debug|x64.ActiveCfg = Debug|x64
		{381E4642-C16F-4877-91BA-526D5E898928}.Debug|x64.Build.0 = Debug|x64
		{381E4642-C16F-4877-91BA-526D5E898928}.Debug|x86.ActiveCfg = Debug|Win32
		{381E4642-C16F-4877-91BA-526D5E898928}.Debug|x86.Build.0 = Debug|Win32
		{381E4642-C16F-4877-91BA-526D5E898928}.Release|x64.ActiveCfg = Release|x64
		{381E4642-C16F-4877-91BA-526D5E898928}.Release|x64.Build.0 = Release|x64
		{381E4642-C16F-4877-91BA-526D5E898928}.Release|x86.ActiveCfg = Release|Win32
		{381E4642-C16F-4877-91BA-526D5E898928}.Release|x86.Build.0 = Release|Win32
		{527E1712-C002-4549-9083-D51AE9419692}.Debug|x64.ActiveCfg = Debug|x64
		{527E1712-C002-4549-9083-D51AE9419692}.Debug|x64.Build.0 = Debug|x64
		{527E1712-C002-4549-9083-D51AE9419692}.Debug|x86.ActiveCfg = Debug|Win32
		{527E1712-C002-4549-9083-D51AE9419692}.Debug|x86.Build.0 = Debug|Win32
		{527E1712-C002-4549-9083-D51AE9419692}.Release|x64.ActiveCfg = Release|x64
		{527E1712-C002-4549-9083-D51AE9419692}.Release|x64.Build.0 = Release|x64
		{527E1712-C002-4549-9083-D51AE9419692}.Release|x86.ActiveCfg = Release|Win32
		{527E1712-C002-4549-9083-D51AE9419692}.Release|x86.Build.0 = Release|Win32
		{6063D72E-EFEA-4705-BCDD-8CB35D193CAA}.Debug|x64.ActiveCfg = Debug|x64
		{6063D72E-EFEA-4705-BCDD-8CB35D193CAA}.Debug|x64.Build.0 = Debug|x64
		{6063D72E-EFEA-4705-BCDD-8CB35D193CAA}.Debug|x86.ActiveCfg = Debug|Win32
		{6063D72E-EFEA-4705-BCDD-8CB35D193CAA}.Debug|x86.Build.0 = Debug|Win32
		{6063D72E-EFEA-4705-BCDD-8CB35D193CAA}.Release|x64.ActiveCfg = Release|x64
		{6063D72E-EFEA-4705-BCDD-8CB35D193CAA}.Release|x64.Build.0 = Release|x64
		{6063D72E-EFEA-4705-BCDD-8CB35D193CAA}.Release|x86.ActiveCfg = Release|Win32
		{6063D72E-EFEA-4705-BCDD-8CB35D193CAA}.Release|x86.Build.0 = Release|Win32
		{217FB044-8137-432A-AE5F-E6D23630C491}.Debug|x64.ActiveCfg = Debug|x64
		{217FB044-8137-432A-AE5F-E6D23630C491}.Debug|x64.Build.0 = Debug|x64
		{217FB044-8137-432A-AE5F-E6D23630C491}.Debug|x86.ActiveCfg = Debug|Win32
		{217FB044-8137-432A-AE5F-E6D23630C491}.Debug|x86.Build.0 = Debug|Win32
		{217FB044-8137-432A-AE5F-E6D23630C491}.Release|x64.ActiveCfg = Release|x64
		{217FB044-8137-432A-AE5F-E6D23630C491}.Release|x64.Build.0 = Release|x64
		{217FB044-8137-432A-AE5F-E6D23630C491}.Release|x86.ActiveCfg = Release|Win32
		{217FB044-8137-432A-AE5F-E6D23630C491}.Release|x86.Build.0 = Release|Win32
		{18FF9330-AC80-4EEA-8C75-FEEE1A2725CA}.Debug|x64.ActiveCfg = Debug|x64
		{18FF9330-AC80-4EEA-8C75-FEEE1A2725CA}.Debug|x64.Build.0 = Debug|x64
		{18FF9330-AC80-4EEA-8C75-FEEE1A2725CA}.Debug|x86.ActiveCfg = Debug|Win32
		{18FF9330-AC80-4EEA-8C75-FEEE1A2725CA}.Debug|x86.Build.0 = Debug|Win32
		{18FF9330-AC80-4EEA-8C75-FEEE1A2725CA}.Release|x64.ActiveCfg = Release|x64
		{18FF9330-AC80-4EEA-8C75-FEEE1A2725CA}.Release|x64.Build.0 = Release|x64
		{18FF9330-AC80-4EEA-8C75-FEEE1A2725CA}.Release|x86.ActiveCfg = Release|Win32
		{18FF9330-AC80-4EEA-8C75-FEEE1A2725CA}.Release|x86.Build.0 = Release|Win32
	EndGlobalSection
	GlobalSection(SolutionProperties) = preSolution
		HideSolutionNode = FALSE
	EndGlobalSection
	GlobalSection(ExtensibilityGlobals) = postSolution
		SolutionGuid = {384C9DD0-FA4E-496C-A270-6C3CBF98B822}
	EndGlobalSection
EndGlobal
